
Microsoft Visual Studio Solution File, Format Version 12.00
# Visual Studio 15
VisualStudioVersion = 15.0.26430.15
MinimumVisualStudioVersion = 10.0.40219.1
Project("{2150E333-8FDC-42A3-9474-1A3956D46DE8}") = "src", "src", "{2EC34A81-603E-458D-B1EA-B0BA814DF61D}"
EndProject
Project("{2150E333-8FDC-42A3-9474-1A3956D46DE8}") = "Solution Items", "Solution Items", "{3A68483E-6A4E-4B00-A8FC-C0F1B379F083}"
EndProject
Project("{9A19103F-16F7-4668-BE54-9A1E7A4F7556}") = "AutoQueryable", "src\AutoQueryable\AutoQueryable.csproj", "{CEA0DB5B-727D-4AB9-B229-7A970A124DD0}"
EndProject
Project("{9A19103F-16F7-4668-BE54-9A1E7A4F7556}") = "AutoQueryable.AspNetCore.Filter", "src\AutoQueryable.AspNetCore.Filter\AutoQueryable.AspNetCore.Filter.csproj", "{F88B63C3-732D-4978-B401-EB07C5C85244}"
EndProject
Project("{9A19103F-16F7-4668-BE54-9A1E7A4F7556}") = "AutoQueryable.AspNet.Filter", "src\AutoQueryable.AspNet.Filter\AutoQueryable.AspNet.Filter.csproj", "{05F39DDB-70B0-4659-850C-0C1DA7D92FB7}"
EndProject
Project("{2150E333-8FDC-42A3-9474-1A3956D46DE8}") = "sample", "sample", "{4AB59492-513F-40B7-8253-0BC7ED0E8A71}"
EndProject
Project("{9A19103F-16F7-4668-BE54-9A1E7A4F7556}") = "AutoQueryable.Sample.EfCore", "sample\AutoQueryable.Sample.EfCore\AutoQueryable.Sample.EfCore.csproj", "{8189A516-C550-416C-BC2B-9D11AA2E1955}"
EndProject
Project("{2150E333-8FDC-42A3-9474-1A3956D46DE8}") = "test", "test", "{A9207ADA-C81F-4112-BC31-35EA2A8362F7}"
EndProject
Project("{9A19103F-16F7-4668-BE54-9A1E7A4F7556}") = "AutoQueryable.UnitTest", "test\AutoQueryable.UnitTest\AutoQueryable.UnitTest.csproj", "{A65BC954-07A1-40D9-BBB8-46349273D84E}"


EndProject
Project("{FAE04EC0-301F-11D3-BF4B-00C04F79EFBC}") = "AutoQueryable.Nancy.Filter", "src\AutoQueryable.Nancy.Filter\AutoQueryable.Nancy.Filter.csproj", "{0B24F998-9851-4F28-9A00-9388D8BE398C}"
EndProject
Project("{FAE04EC0-301F-11D3-BF4B-00C04F79EFBC}") = "AutoQueryable.Sample.Nancy", "sample\AutoQueryable.Sample.Nancy\AutoQueryable.Sample.Nancy.csproj", "{5D231472-9941-4E90-950B-3709583E832A}"

EndProject
Project("{FAE04EC0-301F-11D3-BF4B-00C04F79EFBC}") = "AutoQueryable.Core", "src\AutoQueryable.Core\AutoQueryable.Core.csproj", "{D8FBFF88-111D-41F8-A958-7C6FB66FAC9F}"
EndProject
Global
	GlobalSection(SolutionConfigurationPlatforms) = preSolution
		Debug|Any CPU = Debug|Any CPU
		Release|Any CPU = Release|Any CPU
	EndGlobalSection
	GlobalSection(ProjectConfigurationPlatforms) = postSolution
		{CEA0DB5B-727D-4AB9-B229-7A970A124DD0}.Debug|Any CPU.ActiveCfg = Debug|Any CPU
		{CEA0DB5B-727D-4AB9-B229-7A970A124DD0}.Debug|Any CPU.Build.0 = Debug|Any CPU
		{CEA0DB5B-727D-4AB9-B229-7A970A124DD0}.Release|Any CPU.ActiveCfg = Release|Any CPU
		{CEA0DB5B-727D-4AB9-B229-7A970A124DD0}.Release|Any CPU.Build.0 = Release|Any CPU
		{F88B63C3-732D-4978-B401-EB07C5C85244}.Debug|Any CPU.ActiveCfg = Debug|Any CPU
		{F88B63C3-732D-4978-B401-EB07C5C85244}.Debug|Any CPU.Build.0 = Debug|Any CPU
		{F88B63C3-732D-4978-B401-EB07C5C85244}.Release|Any CPU.ActiveCfg = Release|Any CPU
		{F88B63C3-732D-4978-B401-EB07C5C85244}.Release|Any CPU.Build.0 = Release|Any CPU
		{05F39DDB-70B0-4659-850C-0C1DA7D92FB7}.Debug|Any CPU.ActiveCfg = Debug|Any CPU
		{05F39DDB-70B0-4659-850C-0C1DA7D92FB7}.Debug|Any CPU.Build.0 = Debug|Any CPU
		{05F39DDB-70B0-4659-850C-0C1DA7D92FB7}.Release|Any CPU.ActiveCfg = Release|Any CPU
		{05F39DDB-70B0-4659-850C-0C1DA7D92FB7}.Release|Any CPU.Build.0 = Release|Any CPU
		{8189A516-C550-416C-BC2B-9D11AA2E1955}.Debug|Any CPU.ActiveCfg = Debug|Any CPU
		{8189A516-C550-416C-BC2B-9D11AA2E1955}.Debug|Any CPU.Build.0 = Debug|Any CPU
		{8189A516-C550-416C-BC2B-9D11AA2E1955}.Release|Any CPU.ActiveCfg = Release|Any CPU
		{8189A516-C550-416C-BC2B-9D11AA2E1955}.Release|Any CPU.Build.0 = Release|Any CPU
		{A65BC954-07A1-40D9-BBB8-46349273D84E}.Debug|Any CPU.ActiveCfg = Debug|Any CPU
		{A65BC954-07A1-40D9-BBB8-46349273D84E}.Debug|Any CPU.Build.0 = Debug|Any CPU
		{A65BC954-07A1-40D9-BBB8-46349273D84E}.Release|Any CPU.ActiveCfg = Release|Any CPU
		{A65BC954-07A1-40D9-BBB8-46349273D84E}.Release|Any CPU.Build.0 = Release|Any CPU
		{0B24F998-9851-4F28-9A00-9388D8BE398C}.Debug|Any CPU.ActiveCfg = Debug|Any CPU
		{0B24F998-9851-4F28-9A00-9388D8BE398C}.Debug|Any CPU.Build.0 = Debug|Any CPU
		{0B24F998-9851-4F28-9A00-9388D8BE398C}.Release|Any CPU.ActiveCfg = Release|Any CPU
		{0B24F998-9851-4F28-9A00-9388D8BE398C}.Release|Any CPU.Build.0 = Release|Any CPU
		{5D231472-9941-4E90-950B-3709583E832A}.Debug|Any CPU.ActiveCfg = Debug|Any CPU
		{5D231472-9941-4E90-950B-3709583E832A}.Debug|Any CPU.Build.0 = Debug|Any CPU
		{5D231472-9941-4E90-950B-3709583E832A}.Release|Any CPU.ActiveCfg = Release|Any CPU
		{5D231472-9941-4E90-950B-3709583E832A}.Release|Any CPU.Build.0 = Release|Any CPU
		{D8FBFF88-111D-41F8-A958-7C6FB66FAC9F}.Debug|Any CPU.ActiveCfg = Debug|Any CPU
		{D8FBFF88-111D-41F8-A958-7C6FB66FAC9F}.Debug|Any CPU.Build.0 = Debug|Any CPU
		{D8FBFF88-111D-41F8-A958-7C6FB66FAC9F}.Release|Any CPU.ActiveCfg = Release|Any CPU
		{D8FBFF88-111D-41F8-A958-7C6FB66FAC9F}.Release|Any CPU.Build.0 = Release|Any CPU
	EndGlobalSection
	GlobalSection(SolutionProperties) = preSolution
		HideSolutionNode = FALSE
	EndGlobalSection
	GlobalSection(NestedProjects) = preSolution
		{CEA0DB5B-727D-4AB9-B229-7A970A124DD0} = {2EC34A81-603E-458D-B1EA-B0BA814DF61D}
		{F88B63C3-732D-4978-B401-EB07C5C85244} = {2EC34A81-603E-458D-B1EA-B0BA814DF61D}
		{05F39DDB-70B0-4659-850C-0C1DA7D92FB7} = {2EC34A81-603E-458D-B1EA-B0BA814DF61D}
		{8189A516-C550-416C-BC2B-9D11AA2E1955} = {4AB59492-513F-40B7-8253-0BC7ED0E8A71}
		{A65BC954-07A1-40D9-BBB8-46349273D84E} = {A9207ADA-C81F-4112-BC31-35EA2A8362F7}
		{0B24F998-9851-4F28-9A00-9388D8BE398C} = {2EC34A81-603E-458D-B1EA-B0BA814DF61D}
		{5D231472-9941-4E90-950B-3709583E832A} = {4AB59492-513F-40B7-8253-0BC7ED0E8A71}
		{D8FBFF88-111D-41F8-A958-7C6FB66FAC9F} = {2EC34A81-603E-458D-B1EA-B0BA814DF61D}
	EndGlobalSection
EndGlobal
